
Microsoft Visual Studio Solution File, Format Version 12.00
# Visual Studio 14
VisualStudioVersion = 14.0.23107.0
MinimumVisualStudioVersion = 10.0.40219.1
Project("{8BC9CEB8-8B4A-11D0-8D11-00A0C91BC942}") = "GxAutoFuncCtrl_VS2015", "GxAutoFuncCtrl\GxAutoFuncCtrl_VS2015.vcxproj", "{76485A0A-7539-4B49-B872-81B209C59ACA}"
EndProject
Project("{8BC9CEB8-8B4A-11D0-8D11-00A0C91BC942}") = "GxCameraEvents_VS2015", "GxCameraEvents\GxCameraEvents_VS2015.vcxproj", "{0A48103C-4767-4852-C480-A155E3578213}"
EndProject
Project("{8BC9CEB8-8B4A-11D0-8D11-00A0C91BC942}") = "GxGetImage_VS2015", "GxGetImage\GxGetImage_VS2015.vcxproj", "{D60351E5-7CBF-47BC-8DC8-65C83FD96E5E}"
EndProject
Project("{8BC9CEB8-8B4A-11D0-8D11-00A0C91BC942}") = "GxGigeRecovery_VS2015", "GxGigeRecovery\GxGigeRecovery_VS2015.vcxproj", "{B388C68E-0594-CC82-BB52-60E8394DE014}"
EndProject
Project("{8BC9CEB8-8B4A-11D0-8D11-00A0C91BC942}") = "GxImageProcess_VS2015", "GxImageProcess\GxImageProcess_VS2015.vcxproj", "{BF3A683C-7D47-1FF6-DF3D-8E0F0D6EBA20}"
EndProject
Project("{8BC9CEB8-8B4A-11D0-8D11-00A0C91BC942}") = "GxIOSample_VS2015", "GxIOSample\GxIOSample_VS2015.vcxproj", "{D87F3BCE-0A2C-4D73-82F4-8778440F9BB2}"
EndProject
Project("{8BC9CEB8-8B4A-11D0-8D11-00A0C91BC942}") = "GxMultiCam_VS2015", "GxMultiCam\GxMultiCam_VS2015.vcxproj", "{F248EAB8-7C28-474B-9C19-C14C241F45A4}"
EndProject
Project("{8BC9CEB8-8B4A-11D0-8D11-00A0C91BC942}") = "GxSingleCamColor_VS2015", "GxSingleCamColor\GxSingleCamColor_VS2015.vcxproj", "{49BC8030-97C1-68B6-60E5-6F8B5CF89B17}"
EndProject
Project("{8BC9CEB8-8B4A-11D0-8D11-00A0C91BC942}") = "GxSingleCamMono_VS2015", "GxSingleCamMono\GxSingleCamMono_VS2015.vcxproj", "{FF34A34C-BF6E-5897-58BE-663930AD3A4C}"
EndProject
Project("{8BC9CEB8-8B4A-11D0-8D11-00A0C91BC942}") = "GxSnapRaw16_VS2015", "GxSnapRaw16\GxSnapRaw16_VS2015.vcxproj", "{C2909007-ECDC-D6DD-89AD-CBA8FB48C23F}"
EndProject
Project("{8BC9CEB8-8B4A-11D0-8D11-00A0C91BC942}") = "GxStoreAVI_VS2015", "GxStoreAVI\GxStoreAVI_VS2015.vcxproj", "{733833DF-1443-BB4A-FD5C-058A646BA182}"
EndProject
Project("{8BC9CEB8-8B4A-11D0-8D11-00A0C91BC942}") = "GxTransferDelay_VS2015", "GxTransferDelay\GxTransferDelay_VS2015.vcxproj", "{663D0250-1826-9828-7462-03B61EF8500F}"
EndProject
Project("{8BC9CEB8-8B4A-11D0-8D11-00A0C91BC942}") = "GxUSBSnapPnp_VS2015", "GxUSBSnapPnp\GxUSBSnapPnp_VS2015.vcxproj", "{62FC65E6-FA1C-4F81-9061-EB9C3E534191}"
EndProject
Project("{8BC9CEB8-8B4A-11D0-8D11-00A0C91BC942}") = "GxViewer_VS2015", "GxViewer\GxViewer_VS2015.vcxproj", "{DFE13AE4-AFB3-151E-0B45-3C9C70500561}"
EndProject
Project("{8BC9CEB8-8B4A-11D0-8D11-00A0C91BC942}") = "GxFlatFieldCorrection_VS2015", "GxFlatFieldCorrection\GxFlatFieldCorrection_VS2015.vcxproj", "{92E99F28-2D2F-A0E6-ACA8-981061EDB64E}"
EndProject
Global
	GlobalSection(SolutionConfigurationPlatforms) = preSolution
		Debug|Win32 = Debug|Win32
		Debug|x64 = Debug|x64
		Release|Win32 = Release|Win32
		Release|x64 = Release|x64
	EndGlobalSection
	GlobalSection(ProjectConfigurationPlatforms) = postSolution
		{76485A0A-7539-4B49-B872-81B209C59ACA}.Debug|Win32.ActiveCfg = Debug|Win32
		{76485A0A-7539-4B49-B872-81B209C59ACA}.Debug|Win32.Build.0 = Debug|Win32
		{76485A0A-7539-4B49-B872-81B209C59ACA}.Debug|x64.ActiveCfg = Debug|x64
		{76485A0A-7539-4B49-B872-81B209C59ACA}.Debug|x64.Build.0 = Debug|x64
		{76485A0A-7539-4B49-B872-81B209C59ACA}.Release|Win32.ActiveCfg = Release|Win32
		{76485A0A-7539-4B49-B872-81B209C59ACA}.Release|Win32.Build.0 = Release|Win32
		{76485A0A-7539-4B49-B872-81B209C59ACA}.Release|x64.ActiveCfg = Release|x64
		{76485A0A-7539-4B49-B872-81B209C59ACA}.Release|x64.Build.0 = Release|x64
		{0A48103C-4767-4852-C480-A155E3578213}.Debug|Win32.ActiveCfg = Debug|Win32
		{0A48103C-4767-4852-C480-A155E3578213}.Debug|Win32.Build.0 = Debug|Win32
		{0A48103C-4767-4852-C480-A155E3578213}.Debug|x64.ActiveCfg = Debug|x64
		{0A48103C-4767-4852-C480-A155E3578213}.Debug|x64.Build.0 = Debug|x64
		{0A48103C-4767-4852-C480-A155E3578213}.Release|Win32.ActiveCfg = Release|Win32
		{0A48103C-4767-4852-C480-A155E3578213}.Release|Win32.Build.0 = Release|Win32
		{0A48103C-4767-4852-C480-A155E3578213}.Release|x64.ActiveCfg = Release|x64
		{0A48103C-4767-4852-C480-A155E3578213}.Release|x64.Build.0 = Release|x64
		{D60351E5-7CBF-47BC-8DC8-65C83FD96E5E}.Debug|Win32.ActiveCfg = Debug|Win32
		{D60351E5-7CBF-47BC-8DC8-65C83FD96E5E}.Debug|Win32.Build.0 = Debug|Win32
		{D60351E5-7CBF-47BC-8DC8-65C83FD96E5E}.Debug|x64.ActiveCfg = Debug|x64
		{D60351E5-7CBF-47BC-8DC8-65C83FD96E5E}.Debug|x64.Build.0 = Debug|x64
		{D60351E5-7CBF-47BC-8DC8-65C83FD96E5E}.Release|Win32.ActiveCfg = Release|Win32
		{D60351E5-7CBF-47BC-8DC8-65C83FD96E5E}.Release|Win32.Build.0 = Release|Win32
		{D60351E5-7CBF-47BC-8DC8-65C83FD96E5E}.Release|x64.ActiveCfg = Release|x64
		{D60351E5-7CBF-47BC-8DC8-65C83FD96E5E}.Release|x64.Build.0 = Release|x64
		{B388C68E-0594-CC82-BB52-60E8394DE014}.Debug|Win32.ActiveCfg = Debug|Win32
		{B388C68E-0594-CC82-BB52-60E8394DE014}.Debug|Win32.Build.0 = Debug|Win32
		{B388C68E-0594-CC82-BB52-60E8394DE014}.Debug|x64.ActiveCfg = Debug|x64
		{B388C68E-0594-CC82-BB52-60E8394DE014}.Debug|x64.Build.0 = Debug|x64
		{B388C68E-0594-CC82-BB52-60E8394DE014}.Release|Win32.ActiveCfg = Release|Win32
		{B388C68E-0594-CC82-BB52-60E8394DE014}.Release|Win32.Build.0 = Release|Win32
		{B388C68E-0594-CC82-BB52-60E8394DE014}.Release|x64.ActiveCfg = Release|x64
		{B388C68E-0594-CC82-BB52-60E8394DE014}.Release|x64.Build.0 = Release|x64
		{BF3A683C-7D47-1FF6-DF3D-8E0F0D6EBA20}.Debug|Win32.ActiveCfg = Debug|Win32
		{BF3A683C-7D47-1FF6-DF3D-8E0F0D6EBA20}.Debug|Win32.Build.0 = Debug|Win32
		{BF3A683C-7D47-1FF6-DF3D-8E0F0D6EBA20}.Debug|x64.ActiveCfg = Debug|x64
		{BF3A683C-7D47-1FF6-DF3D-8E0F0D6EBA20}.Debug|x64.Build.0 = Debug|x64
		{BF3A683C-7D47-1FF6-DF3D-8E0F0D6EBA20}.Release|Win32.ActiveCfg = Release|Win32
		{BF3A683C-7D47-1FF6-DF3D-8E0F0D6EBA20}.Release|Win32.Build.0 = Release|Win32
		{BF3A683C-7D47-1FF6-DF3D-8E0F0D6EBA20}.Release|x64.ActiveCfg = Release|x64
		{BF3A683C-7D47-1FF6-DF3D-8E0F0D6EBA20}.Release|x64.Build.0 = Release|x64
		{D87F3BCE-0A2C-4D73-82F4-8778440F9BB2}.Debug|Win32.ActiveCfg = Debug|Win32
		{D87F3BCE-0A2C-4D73-82F4-8778440F9BB2}.Debug|Win32.Build.0 = Debug|Win32
		{D87F3BCE-0A2C-4D73-82F4-8778440F9BB2}.Debug|x64.ActiveCfg = Debug|x64
		{D87F3BCE-0A2C-4D73-82F4-8778440F9BB2}.Debug|x64.Build.0 = Debug|x64
		{D87F3BCE-0A2C-4D73-82F4-8778440F9BB2}.Release|Win32.ActiveCfg = Release|Win32
		{D87F3BCE-0A2C-4D73-82F4-8778440F9BB2}.Release|Win32.Build.0 = Release|Win32
		{D87F3BCE-0A2C-4D73-82F4-8778440F9BB2}.Release|x64.ActiveCfg = Release|x64
		{D87F3BCE-0A2C-4D73-82F4-8778440F9BB2}.Release|x64.Build.0 = Release|x64
		{F248EAB8-7C28-474B-9C19-C14C241F45A4}.Debug|Win32.ActiveCfg = Debug|Win32
		{F248EAB8-7C28-474B-9C19-C14C241F45A4}.Debug|Win32.Build.0 = Debug|Win32
		{F248EAB8-7C28-474B-9C19-C14C241F45A4}.Debug|x64.ActiveCfg = Debug|x64
		{F248EAB8-7C28-474B-9C19-C14C241F45A4}.Debug|x64.Build.0 = Debug|x64
		{F248EAB8-7C28-474B-9C19-C14C241F45A4}.Release|Win32.ActiveCfg = Release|Win32
		{F248EAB8-7C28-474B-9C19-C14C241F45A4}.Release|Win32.Build.0 = Release|Win32
		{F248EAB8-7C28-474B-9C19-C14C241F45A4}.Release|x64.ActiveCfg = Release|x64
		{F248EAB8-7C28-474B-9C19-C14C241F45A4}.Release|x64.Build.0 = Release|x64
		{49BC8030-97C1-68B6-60E5-6F8B5CF89B17}.Debug|Win32.ActiveCfg = Debug|Win32
		{49BC8030-97C1-68B6-60E5-6F8B5CF89B17}.Debug|Win32.Build.0 = Debug|Win32
		{49BC8030-97C1-68B6-60E5-6F8B5CF89B17}.Debug|x64.ActiveCfg = Debug|x64
		{49BC8030-97C1-68B6-60E5-6F8B5CF89B17}.Debug|x64.Build.0 = Debug|x64
		{49BC8030-97C1-68B6-60E5-6F8B5CF89B17}.Release|Win32.ActiveCfg = Release|Win32
		{49BC8030-97C1-68B6-60E5-6F8B5CF89B17}.Release|Win32.Build.0 = Release|Win32
		{49BC8030-97C1-68B6-60E5-6F8B5CF89B17}.Release|x64.ActiveCfg = Release|x64
		{49BC8030-97C1-68B6-60E5-6F8B5CF89B17}.Release|x64.Build.0 = Release|x64
		{FF34A34C-BF6E-5897-58BE-663930AD3A4C}.Debug|Win32.ActiveCfg = Debug|Win32
		{FF34A34C-BF6E-5897-58BE-663930AD3A4C}.Debug|Win32.Build.0 = Debug|Win32
		{FF34A34C-BF6E-5897-58BE-663930AD3A4C}.Debug|x64.ActiveCfg = Debug|x64
		{FF34A34C-BF6E-5897-58BE-663930AD3A4C}.Debug|x64.Build.0 = Debug|x64
		{FF34A34C-BF6E-5897-58BE-663930AD3A4C}.Release|Win32.ActiveCfg = Release|Win32
		{FF34A34C-BF6E-5897-58BE-663930AD3A4C}.Release|Win32.Build.0 = Release|Win32
		{FF34A34C-BF6E-5897-58BE-663930AD3A4C}.Release|x64.ActiveCfg = Release|x64
		{FF34A34C-BF6E-5897-58BE-663930AD3A4C}.Release|x64.Build.0 = Release|x64
		{C2909007-ECDC-D6DD-89AD-CBA8FB48C23F}.Debug|Win32.ActiveCfg = Debug|Win32
		{C2909007-ECDC-D6DD-89AD-CBA8FB48C23F}.Debug|Win32.Build.0 = Debug|Win32
		{C2909007-ECDC-D6DD-89AD-CBA8FB48C23F}.Debug|x64.ActiveCfg = Debug|x64
		{C2909007-ECDC-D6DD-89AD-CBA8FB48C23F}.Debug|x64.Build.0 = Debug|x64
		{C2909007-ECDC-D6DD-89AD-CBA8FB48C23F}.Release|Win32.ActiveCfg = Release|Win32
		{C2909007-ECDC-D6DD-89AD-CBA8FB48C23F}.Release|Win32.Build.0 = Release|Win32
		{C2909007-ECDC-D6DD-89AD-CBA8FB48C23F}.Release|x64.ActiveCfg = Release|x64
		{C2909007-ECDC-D6DD-89AD-CBA8FB48C23F}.Release|x64.Build.0 = Release|x64
		{733833DF-1443-BB4A-FD5C-058A646BA182}.Debug|Win32.ActiveCfg = Debug|Win32
		{733833DF-1443-BB4A-FD5C-058A646BA182}.Debug|Win32.Build.0 = Debug|Win32
		{733833DF-1443-BB4A-FD5C-058A646BA182}.Debug|x64.ActiveCfg = Debug|x64
		{733833DF-1443-BB4A-FD5C-058A646BA182}.Debug|x64.Build.0 = Debug|x64
		{733833DF-1443-BB4A-FD5C-058A646BA182}.Release|Win32.ActiveCfg = Release|Win32
		{733833DF-1443-BB4A-FD5C-058A646BA182}.Release|Win32.Build.0 = Release|Win32
		{733833DF-1443-BB4A-FD5C-058A646BA182}.Release|x64.ActiveCfg = Release|x64
		{733833DF-1443-BB4A-FD5C-058A646BA182}.Release|x64.Build.0 = Release|x64
		{663D0250-1826-9828-7462-03B61EF8500F}.Debug|Win32.ActiveCfg = Debug|Win32
		{663D0250-1826-9828-7462-03B61EF8500F}.Debug|Win32.Build.0 = Debug|Win32
		{663D0250-1826-9828-7462-03B61EF8500F}.Debug|x64.ActiveCfg = Debug|x64
		{663D0250-1826-9828-7462-03B61EF8500F}.Debug|x64.Build.0 = Debug|x64
		{663D0250-1826-9828-7462-03B61EF8500F}.Release|Win32.ActiveCfg = Release|Win32
		{663D0250-1826-9828-7462-03B61EF8500F}.Release|Win32.Build.0 = Release|Win32
		{663D0250-1826-9828-7462-03B61EF8500F}.Release|x64.ActiveCfg = Release|x64
		{663D0250-1826-9828-7462-03B61EF8500F}.Release|x64.Build.0 = Release|x64
		{62FC65E6-FA1C-4F81-9061-EB9C3E534191}.Debug|Win32.ActiveCfg = Debug|Win32
		{62FC65E6-FA1C-4F81-9061-EB9C3E534191}.Debug|Win32.Build.0 = Debug|Win32
		{62FC65E6-FA1C-4F81-9061-EB9C3E534191}.Debug|x64.ActiveCfg = Debug|x64
		{62FC65E6-FA1C-4F81-9061-EB9C3E534191}.Debug|x64.Build.0 = Debug|x64
		{62FC65E6-FA1C-4F81-9061-EB9C3E534191}.Release|Win32.ActiveCfg = Release|Win32
		{62FC65E6-FA1C-4F81-9061-EB9C3E534191}.Release|Win32.Build.0 = Release|Win32
		{62FC65E6-FA1C-4F81-9061-EB9C3E534191}.Release|x64.ActiveCfg = Release|x64
		{62FC65E6-FA1C-4F81-9061-EB9C3E534191}.Release|x64.Build.0 = Release|x64
		{DFE13AE4-AFB3-151E-0B45-3C9C70500561}.Debug|Win32.ActiveCfg = Debug|Win32
		{DFE13AE4-AFB3-151E-0B45-3C9C70500561}.Debug|Win32.Build.0 = Debug|Win32
		{DFE13AE4-AFB3-151E-0B45-3C9C70500561}.Debug|x64.ActiveCfg = Debug|x64
		{DFE13AE4-AFB3-151E-0B45-3C9C70500561}.Debug|x64.Build.0 = Debug|x64
		{DFE13AE4-AFB3-151E-0B45-3C9C70500561}.Release|Win32.ActiveCfg = Release|Win32
		{DFE13AE4-AFB3-151E-0B45-3C9C70500561}.Release|Win32.Build.0 = Release|Win32
		{DFE13AE4-AFB3-151E-0B45-3C9C70500561}.Release|x64.ActiveCfg = Release|x64
		{DFE13AE4-AFB3-151E-0B45-3C9C70500561}.Release|x64.Build.0 = Release|x64
		{92E99F28-2D2F-A0E6-ACA8-981061EDB64E}.Debug|Win32.ActiveCfg = Debug|Win32
		{92E99F28-2D2F-A0E6-ACA8-981061EDB64E}.Debug|Win32.Build.0 = Debug|Win32
		{92E99F28-2D2F-A0E6-ACA8-981061EDB64E}.Debug|x64.ActiveCfg = Debug|x64
		{92E99F28-2D2F-A0E6-ACA8-981061EDB64E}.Debug|x64.Build.0 = Debug|x64
		{92E99F28-2D2F-A0E6-ACA8-981061EDB64E}.Release|Win32.ActiveCfg = Release|Win32
		{92E99F28-2D2F-A0E6-ACA8-981061EDB64E}.Release|Win32.Build.0 = Release|Win32
		{92E99F28-2D2F-A0E6-ACA8-981061EDB64E}.Release|x64.ActiveCfg = Release|x64
		{92E99F28-2D2F-A0E6-ACA8-981061EDB64E}.Release|x64.Build.0 = Release|x64
	EndGlobalSection
	GlobalSection(SolutionProperties) = preSolution
		HideSolutionNode = FALSE
	EndGlobalSection
EndGlobal
